
Microsoft Visual Studio Solution File, Format Version 12.00
# Visual Studio Version 17
VisualStudioVersion = 17.0.31903.59
MinimumVisualStudioVersion = 10.0.40219.1
Project("{FAE04EC0-301F-11D3-BF4B-00C04F79EFBC}") = "MyCSharpApp.Desktop", "src\MyCSharpApp\MyCSharpApp.Desktop\MyCSharpApp.Desktop.csproj", "{35C1A366-F972-4015-82FC-42CC89BB10B6}"
EndProject
Project("{8BC9CEB8-8B4A-11D0-8D11-00A0C91BC942}") = "MyCSharpApp.DLLExtension", "src\MyCSharpApp\MyCSharpApp.DLLExtension\MyCSharpApp.DLLExtension.vcxproj", "{CC48CB1E-936D-4BFB-9F8E-7058E585E16E}"
EndProject
Project("{930C7802-8A8C-48F9-8165-68863BCCD9DD}") = "MyCSharpApp.Installer", "src\MyCSharpApp\MyCSharpApp.Installer\MyCSharpApp.Installer.wixproj", "{7F10C521-2577-495A-BA78-70607F29996A}"
EndProject
Project("{9092AA53-FB77-4645-B42D-1CCCA6BD08BD}") = "MyCSharpApp.ReportingServer", "src\MyCSharpApp\MyCSharpApp.ReportingServer\MyCSharpApp.ReportingServer.njsproj", "{088BF22D-F6EB-4724-BD18-76300A9B62E8}"
EndProject
Project("{9A19103F-16F7-4668-BE54-9A1E7A4F7556}") = "MyCSharpApp.WebAPI", "src\MyCSharpApp\MyCSharpApp.WebAPI\MyCSharpApp.WebAPI.csproj", "{74E17B74-3F58-4C30-A5BA-C95E19A4C996}"
EndProject
Project("{FAE04EC0-301F-11D3-BF4B-00C04F79EFBC}") = "MyCSharpApp.WebService", "src\MyCSharpApp\MyCSharpApp.WebService\MyCSharpApp.WebService.csproj", "{D8DC01A7-B83F-4EEE-9AB6-3CF3B516E966}"
EndProject
Global
	GlobalSection(SolutionConfigurationPlatforms) = preSolution
		Debug|Any CPU = Debug|Any CPU
		Debug|ARM64 = Debug|ARM64
		Debug|x64 = Debug|x64
		Debug|x86 = Debug|x86
		Release|Any CPU = Release|Any CPU
		Release|ARM64 = Release|ARM64
		Release|x64 = Release|x64
		Release|x86 = Release|x86
	EndGlobalSection
	GlobalSection(ProjectConfigurationPlatforms) = postSolution
		{35C1A366-F972-4015-82FC-42CC89BB10B6}.Debug|Any CPU.ActiveCfg = Debug|Any CPU
		{35C1A366-F972-4015-82FC-42CC89BB10B6}.Debug|Any CPU.Build.0 = Debug|Any CPU
		{35C1A366-F972-4015-82FC-42CC89BB10B6}.Debug|ARM64.ActiveCfg = Debug|ARM64
		{35C1A366-F972-4015-82FC-42CC89BB10B6}.Debug|ARM64.Build.0 = Debug|ARM64
		{35C1A366-F972-4015-82FC-42CC89BB10B6}.Debug|x64.ActiveCfg = Debug|Any CPU
		{35C1A366-F972-4015-82FC-42CC89BB10B6}.Debug|x64.Build.0 = Debug|Any CPU
		{35C1A366-F972-4015-82FC-42CC89BB10B6}.Debug|x86.ActiveCfg = Debug|Any CPU
		{35C1A366-F972-4015-82FC-42CC89BB10B6}.Debug|x86.Build.0 = Debug|Any CPU
		{35C1A366-F972-4015-82FC-42CC89BB10B6}.Release|Any CPU.ActiveCfg = Release|Any CPU
		{35C1A366-F972-4015-82FC-42CC89BB10B6}.Release|Any CPU.Build.0 = Release|Any CPU
		{35C1A366-F972-4015-82FC-42CC89BB10B6}.Release|ARM64.ActiveCfg = Release|ARM64
		{35C1A366-F972-4015-82FC-42CC89BB10B6}.Release|ARM64.Build.0 = Release|ARM64
		{35C1A366-F972-4015-82FC-42CC89BB10B6}.Release|x64.ActiveCfg = Release|Any CPU
		{35C1A366-F972-4015-82FC-42CC89BB10B6}.Release|x64.Build.0 = Release|Any CPU
		{35C1A366-F972-4015-82FC-42CC89BB10B6}.Release|x86.ActiveCfg = Release|Any CPU
		{35C1A366-F972-4015-82FC-42CC89BB10B6}.Release|x86.Build.0 = Release|Any CPU
		{CC48CB1E-936D-4BFB-9F8E-7058E585E16E}.Debug|Any CPU.ActiveCfg = Debug|x64
		{CC48CB1E-936D-4BFB-9F8E-7058E585E16E}.Debug|Any CPU.Build.0 = Debug|x64
		{CC48CB1E-936D-4BFB-9F8E-7058E585E16E}.Debug|ARM64.ActiveCfg = Debug|x64
		{CC48CB1E-936D-4BFB-9F8E-7058E585E16E}.Debug|ARM64.Build.0 = Debug|x64
		{CC48CB1E-936D-4BFB-9F8E-7058E585E16E}.Debug|x64.ActiveCfg = Debug|x64
		{CC48CB1E-936D-4BFB-9F8E-7058E585E16E}.Debug|x64.Build.0 = Debug|x64
		{CC48CB1E-936D-4BFB-9F8E-7058E585E16E}.Debug|x86.ActiveCfg = Debug|Win32
		{CC48CB1E-936D-4BFB-9F8E-7058E585E16E}.Debug|x86.Build.0 = Debug|Win32
		{CC48CB1E-936D-4BFB-9F8E-7058E585E16E}.Release|Any CPU.ActiveCfg = Release|x64
		{CC48CB1E-936D-4BFB-9F8E-7058E585E16E}.Release|Any CPU.Build.0 = Release|x64
		{CC48CB1E-936D-4BFB-9F8E-7058E585E16E}.Release|ARM64.ActiveCfg = Release|x64
		{CC48CB1E-936D-4BFB-9F8E-7058E585E16E}.Release|ARM64.Build.0 = Release|x64
		{CC48CB1E-936D-4BFB-9F8E-7058E585E16E}.Release|x64.ActiveCfg = Release|x64
		{CC48CB1E-936D-4BFB-9F8E-7058E585E16E}.Release|x64.Build.0 = Release|x64
		{CC48CB1E-936D-4BFB-9F8E-7058E585E16E}.Release|x86.ActiveCfg = Release|Win32
		{CC48CB1E-936D-4BFB-9F8E-7058E585E16E}.Release|x86.Build.0 = Release|Win32
		{7F10C521-2577-495A-BA78-70607F29996A}.Debug|Any CPU.ActiveCfg = Debug|x86
		{7F10C521-2577-495A-BA78-70607F29996A}.Debug|Any CPU.Build.0 = Debug|x86
		{7F10C521-2577-495A-BA78-70607F29996A}.Debug|ARM64.ActiveCfg = Debug|x86
		{7F10C521-2577-495A-BA78-70607F29996A}.Debug|ARM64.Build.0 = Debug|x86
		{7F10C521-2577-495A-BA78-70607F29996A}.Debug|x64.ActiveCfg = Debug|x86
		{7F10C521-2577-495A-BA78-70607F29996A}.Debug|x64.Build.0 = Debug|x86
		{7F10C521-2577-495A-BA78-70607F29996A}.Debug|x86.ActiveCfg = Debug|x86
		{7F10C521-2577-495A-BA78-70607F29996A}.Debug|x86.Build.0 = Debug|x86
		{7F10C521-2577-495A-BA78-70607F29996A}.Release|Any CPU.ActiveCfg = Release|x86
		{7F10C521-2577-495A-BA78-70607F29996A}.Release|Any CPU.Build.0 = Release|x86
		{7F10C521-2577-495A-BA78-70607F29996A}.Release|ARM64.ActiveCfg = Release|x86
		{7F10C521-2577-495A-BA78-70607F29996A}.Release|ARM64.Build.0 = Release|x86
		{7F10C521-2577-495A-BA78-70607F29996A}.Release|x64.ActiveCfg = Release|x86
		{7F10C521-2577-495A-BA78-70607F29996A}.Release|x64.Build.0 = Release|x86
		{7F10C521-2577-495A-BA78-70607F29996A}.Release|x86.ActiveCfg = Release|x86
		{7F10C521-2577-495A-BA78-70607F29996A}.Release|x86.Build.0 = Release|x86
		{088BF22D-F6EB-4724-BD18-76300A9B62E8}.Debug|Any CPU.ActiveCfg = Debug|Any CPU
		{088BF22D-F6EB-4724-BD18-76300A9B62E8}.Debug|Any CPU.Build.0 = Debug|Any CPU
		{088BF22D-F6EB-4724-BD18-76300A9B62E8}.Debug|ARM64.ActiveCfg = Debug|Any CPU
		{088BF22D-F6EB-4724-BD18-76300A9B62E8}.Debug|ARM64.Build.0 = Debug|Any CPU
		{088BF22D-F6EB-4724-BD18-76300A9B62E8}.Debug|x64.ActiveCfg = Debug|Any CPU
		{088BF22D-F6EB-4724-BD18-76300A9B62E8}.Debug|x64.Build.0 = Debug|Any CPU
		{088BF22D-F6EB-4724-BD18-76300A9B62E8}.Debug|x86.ActiveCfg = Debug|Any CPU
		{088BF22D-F6EB-4724-BD18-76300A9B62E8}.Debug|x86.Build.0 = Debug|Any CPU
		{088BF22D-F6EB-4724-BD18-76300A9B62E8}.Release|Any CPU.ActiveCfg = Release|Any CPU
		{088BF22D-F6EB-4724-BD18-76300A9B62E8}.Release|Any CPU.Build.0 = Release|Any CPU
		{088BF22D-F6EB-4724-BD18-76300A9B62E8}.Release|ARM64.ActiveCfg = Release|Any CPU
		{088BF22D-F6EB-4724-BD18-76300A9B62E8}.Release|ARM64.Build.0 = Release|Any CPU
		{088BF22D-F6EB-4724-BD18-76300A9B62E8}.Release|x64.ActiveCfg = Release|Any CPU
		{088BF22D-F6EB-4724-BD18-76300A9B62E8}.Release|x64.Build.0 = Release|Any CPU
		{088BF22D-F6EB-4724-BD18-76300A9B62E8}.Release|x86.ActiveCfg = Release|Any CPU
		{088BF22D-F6EB-4724-BD18-76300A9B62E8}.Release|x86.Build.0 = Release|Any CPU
		{74E17B74-3F58-4C30-A5BA-C95E19A4C996}.Debug|Any CPU.ActiveCfg = Debug|Any CPU
		{74E17B74-3F58-4C30-A5BA-C95E19A4C996}.Debug|Any CPU.Build.0 = Debug|Any CPU
		{74E17B74-3F58-4C30-A5BA-C95E19A4C996}.Debug|ARM64.ActiveCfg = Debug|Any CPU
		{74E17B74-3F58-4C30-A5BA-C95E19A4C996}.Debug|ARM64.Build.0 = Debug|Any CPU
		{74E17B74-3F58-4C30-A5BA-C95E19A4C996}.Debug|x64.ActiveCfg = Debug|Any CPU
		{74E17B74-3F58-4C30-A5BA-C95E19A4C996}.Debug|x64.Build.0 = Debug|Any CPU
		{74E17B74-3F58-4C30-A5BA-C95E19A4C996}.Debug|x86.ActiveCfg = Debug|Any CPU
		{74E17B74-3F58-4C30-A5BA-C95E19A4C996}.Debug|x86.Build.0 = Debug|Any CPU
		{74E17B74-3F58-4C30-A5BA-C95E19A4C996}.Release|Any CPU.ActiveCfg = Release|Any CPU
		{74E17B74-3F58-4C30-A5BA-C95E19A4C996}.Release|Any CPU.Build.0 = Release|Any CPU
		{74E17B74-3F58-4C30-A5BA-C95E19A4C996}.Release|ARM64.ActiveCfg = Release|Any CPU
		{74E17B74-3F58-4C30-A5BA-C95E19A4C996}.Release|ARM64.Build.0 = Release|Any CPU
		{74E17B74-3F58-4C30-A5BA-C95E19A4C996}.Release|x64.ActiveCfg = Release|Any CPU
		{74E17B74-3F58-4C30-A5BA-C95E19A4C996}.Release|x64.Build.0 = Release|Any CPU
		{74E17B74-3F58-4C30-A5BA-C95E19A4C996}.Release|x86.ActiveCfg = Release|Any CPU
		{74E17B74-3F58-4C30-A5BA-C95E19A4C996}.Release|x86.Build.0 = Release|Any CPU
		{D8DC01A7-B83F-4EEE-9AB6-3CF3B516E966}.Debug|Any CPU.ActiveCfg = Debug|Any CPU
		{D8DC01A7-B83F-4EEE-9AB6-3CF3B516E966}.Debug|Any CPU.Build.0 = Debug|Any CPU
		{D8DC01A7-B83F-4EEE-9AB6-3CF3B516E966}.Debug|ARM64.ActiveCfg = Debug|Any CPU
		{D8DC01A7-B83F-4EEE-9AB6-3CF3B516E966}.Debug|ARM64.Build.0 = Debug|Any CPU
		{D8DC01A7-B83F-4EEE-9AB6-3CF3B516E966}.Debug|x64.ActiveCfg = Debug|Any CPU
		{D8DC01A7-B83F-4EEE-9AB6-3CF3B516E966}.Debug|x64.Build.0 = Debug|Any CPU
		{D8DC01A7-B83F-4EEE-9AB6-3CF3B516E966}.Debug|x86.ActiveCfg = Debug|Any CPU
		{D8DC01A7-B83F-4EEE-9AB6-3CF3B516E966}.Debug|x86.Build.0 = Debug|Any CPU
		{D8DC01A7-B83F-4EEE-9AB6-3CF3B516E966}.Release|Any CPU.ActiveCfg = Release|Any CPU
		{D8DC01A7-B83F-4EEE-9AB6-3CF3B516E966}.Release|Any CPU.Build.0 = Release|Any CPU
		{D8DC01A7-B83F-4EEE-9AB6-3CF3B516E966}.Release|ARM64.ActiveCfg = Release|Any CPU
		{D8DC01A7-B83F-4EEE-9AB6-3CF3B516E966}.Release|ARM64.Build.0 = Release|Any CPU
		{D8DC01A7-B83F-4EEE-9AB6-3CF3B516E966}.Release|x64.ActiveCfg = Release|Any CPU
		{D8DC01A7-B83F-4EEE-9AB6-3CF3B516E966}.Release|x64.Build.0 = Release|Any CPU
		{D8DC01A7-B83F-4EEE-9AB6-3CF3B516E966}.Release|x86.ActiveCfg = Release|Any CPU
		{D8DC01A7-B83F-4EEE-9AB6-3CF3B516E966}.Release|x86.Build.0 = Release|Any CPU
	EndGlobalSection
	GlobalSection(SolutionProperties) = preSolution
		HideSolutionNode = FALSE
	EndGlobalSection
EndGlobal
